// !$*UTF8*$!
{
	archiveVersion = 1;
	classes = {
	};
	objectVersion = 56;
	objects = {

/* Begin PBXBuildFile section */
		D0291AF32A082D7700B91BF1 /* mediTransAppApp.swift in Sources */ = {isa = PBXBuildFile; fileRef = D0291AF22A082D7700B91BF1 /* mediTransAppApp.swift */; };
		D0291AF52A082D7700B91BF1 /* ContentView.swift in Sources */ = {isa = PBXBuildFile; fileRef = D0291AF42A082D7700B91BF1 /* ContentView.swift */; };
		D0291AF72A082D7800B91BF1 /* Assets.xcassets in Resources */ = {isa = PBXBuildFile; fileRef = D0291AF62A082D7800B91BF1 /* Assets.xcassets */; };
		D0291AFB2A082D7800B91BF1 /* Preview Assets.xcassets in Resources */ = {isa = PBXBuildFile; fileRef = D0291AFA2A082D7800B91BF1 /* Preview Assets.xcassets */; };
		D0291B052A082D7800B91BF1 /* mediTransAppTests.swift in Sources */ = {isa = PBXBuildFile; fileRef = D0291B042A082D7800B91BF1 /* mediTransAppTests.swift */; };
		D0291B0F2A082D7800B91BF1 /* mediTransAppUITests.swift in Sources */ = {isa = PBXBuildFile; fileRef = D0291B0E2A082D7800B91BF1 /* mediTransAppUITests.swift */; };
		D0291B112A082D7800B91BF1 /* mediTransAppUITestsLaunchTests.swift in Sources */ = {isa = PBXBuildFile; fileRef = D0291B102A082D7800B91BF1 /* mediTransAppUITestsLaunchTests.swift */; };
/* End PBXBuildFile section */

/* Begin PBXContainerItemProxy section */
		D0291B012A082D7800B91BF1 /* PBXContainerItemProxy */ = {
			isa = PBXContainerItemProxy;
			containerPortal = D0291AE72A082D7700B91BF1 /* Project object */;
			proxyType = 1;
			remoteGlobalIDString = D0291AEE2A082D7700B91BF1;
			remoteInfo = mediTransApp;
		};
		D0291B0B2A082D7800B91BF1 /* PBXContainerItemProxy */ = {
			isa = PBXContainerItemProxy;
			containerPortal = D0291AE72A082D7700B91BF1 /* Project object */;
			proxyType = 1;
			remoteGlobalIDString = D0291AEE2A082D7700B91BF1;
			remoteInfo = mediTransApp;
		};
/* End PBXContainerItemProxy section */

/* Begin PBXFileReference section */
		D0291AEF2A082D7700B91BF1 /* mediTransApp.app */ = {isa = PBXFileReference; explicitFileType = wrapper.application; includeInIndex = 0; path = mediTransApp.app; sourceTree = BUILT_PRODUCTS_DIR; };
		D0291AF22A082D7700B91BF1 /* mediTransAppApp.swift */ = {isa = PBXFileReference; lastKnownFileType = sourcecode.swift; path = mediTransAppApp.swift; sourceTree = "<group>"; };
		D0291AF42A082D7700B91BF1 /* ContentView.swift */ = {isa = PBXFileReference; lastKnownFileType = sourcecode.swift; path = ContentView.swift; sourceTree = "<group>"; };
		D0291AF62A082D7800B91BF1 /* Assets.xcassets */ = {isa = PBXFileReference; lastKnownFileType = folder.assetcatalog; path = Assets.xcassets; sourceTree = "<group>"; };
		D0291AF82A082D7800B91BF1 /* mediTransApp.entitlements */ = {isa = PBXFileReference; lastKnownFileType = text.plist.entitlements; path = mediTransApp.entitlements; sourceTree = "<group>"; };
		D0291AFA2A082D7800B91BF1 /* Preview Assets.xcassets */ = {isa = PBXFileReference; lastKnownFileType = folder.assetcatalog; path = "Preview Assets.xcassets"; sourceTree = "<group>"; };
		D0291B002A082D7800B91BF1 /* mediTransAppTests.xctest */ = {isa = PBXFileReference; explicitFileType = wrapper.cfbundle; includeInIndex = 0; path = mediTransAppTests.xctest; sourceTree = BUILT_PRODUCTS_DIR; };
		D0291B042A082D7800B91BF1 /* mediTransAppTests.swift */ = {isa = PBXFileReference; lastKnownFileType = sourcecode.swift; path = mediTransAppTests.swift; sourceTree = "<group>"; };
		D0291B0A2A082D7800B91BF1 /* mediTransAppUITests.xctest */ = {isa = PBXFileReference; explicitFileType = wrapper.cfbundle; includeInIndex = 0; path = mediTransAppUITests.xctest; sourceTree = BUILT_PRODUCTS_DIR; };
		D0291B0E2A082D7800B91BF1 /* mediTransAppUITests.swift */ = {isa = PBXFileReference; lastKnownFileType = sourcecode.swift; path = mediTransAppUITests.swift; sourceTree = "<group>"; };
		D0291B102A082D7800B91BF1 /* mediTransAppUITestsLaunchTests.swift */ = {isa = PBXFileReference; lastKnownFileType = sourcecode.swift; path = mediTransAppUITestsLaunchTests.swift; sourceTree = "<group>"; };
/* End PBXFileReference section */

/* Begin PBXFrameworksBuildPhase section */
		D0291AEC2A082D7700B91BF1 /* Frameworks */ = {
			isa = PBXFrameworksBuildPhase;
			buildActionMask = 2147483647;
			files = (
			);
			runOnlyForDeploymentPostprocessing = 0;
		};
		D0291AFD2A082D7800B91BF1 /* Frameworks */ = {
			isa = PBXFrameworksBuildPhase;
			buildActionMask = 2147483647;
			files = (
			);
			runOnlyForDeploymentPostprocessing = 0;
		};
		D0291B072A082D7800B91BF1 /* Frameworks */ = {
			isa = PBXFrameworksBuildPhase;
			buildActionMask = 2147483647;
			files = (
			);
			runOnlyForDeploymentPostprocessing = 0;
		};
/* End PBXFrameworksBuildPhase section */

/* Begin PBXGroup section */
		D0291AE62A082D7700B91BF1 = {
			isa = PBXGroup;
			children = (
				D0291AF12A082D7700B91BF1 /* mediTransApp */,
				D0291B032A082D7800B91BF1 /* mediTransAppTests */,
				D0291B0D2A082D7800B91BF1 /* mediTransAppUITests */,
				D0291AF02A082D7700B91BF1 /* Products */,
			);
			sourceTree = "<group>";
		};
		D0291AF02A082D7700B91BF1 /* Products */ = {
			isa = PBXGroup;
			children = (
				D0291AEF2A082D7700B91BF1 /* mediTransApp.app */,
				D0291B002A082D7800B91BF1 /* mediTransAppTests.xctest */,
				D0291B0A2A082D7800B91BF1 /* mediTransAppUITests.xctest */,
			);
			name = Products;
			sourceTree = "<group>";
		};
		D0291AF12A082D7700B91BF1 /* mediTransApp */ = {
			isa = PBXGroup;
			children = (
				D0291AF22A082D7700B91BF1 /* mediTransAppApp.swift */,
				D0291AF42A082D7700B91BF1 /* ContentView.swift */,
				D0291AF62A082D7800B91BF1 /* Assets.xcassets */,
				D0291AF82A082D7800B91BF1 /* mediTransApp.entitlements */,
				D0291AF92A082D7800B91BF1 /* Preview Content */,
			);
			path = mediTransApp;
			sourceTree = "<group>";
		};
		D0291AF92A082D7800B91BF1 /* Preview Content */ = {
			isa = PBXGroup;
			children = (
				D0291AFA2A082D7800B91BF1 /* Preview Assets.xcassets */,
			);
			path = "Preview Content";
			sourceTree = "<group>";
		};
		D0291B032A082D7800B91BF1 /* mediTransAppTests */ = {
			isa = PBXGroup;
			children = (
				D0291B042A082D7800B91BF1 /* mediTransAppTests.swift */,
			);
			path = mediTransAppTests;
			sourceTree = "<group>";
		};
		D0291B0D2A082D7800B91BF1 /* mediTransAppUITests */ = {
			isa = PBXGroup;
			children = (
				D0291B0E2A082D7800B91BF1 /* mediTransAppUITests.swift */,
				D0291B102A082D7800B91BF1 /* mediTransAppUITestsLaunchTests.swift */,
			);
			path = mediTransAppUITests;
			sourceTree = "<group>";
		};
/* End PBXGroup section */

/* Begin PBXNativeTarget section */
		D0291AEE2A082D7700B91BF1 /* mediTransApp */ = {
			isa = PBXNativeTarget;
			buildConfigurationList = D0291B142A082D7800B91BF1 /* Build configuration list for PBXNativeTarget "mediTransApp" */;
			buildPhases = (
				D0291AEB2A082D7700B91BF1 /* Sources */,
				D0291AEC2A082D7700B91BF1 /* Frameworks */,
				D0291AED2A082D7700B91BF1 /* Resources */,
			);
			buildRules = (
			);
			dependencies = (
			);
			name = mediTransApp;
			productName = mediTransApp;
			productReference = D0291AEF2A082D7700B91BF1 /* mediTransApp.app */;
			productType = "com.apple.product-type.application";
		};
		D0291AFF2A082D7800B91BF1 /* mediTransAppTests */ = {
			isa = PBXNativeTarget;
			buildConfigurationList = D0291B172A082D7800B91BF1 /* Build configuration list for PBXNativeTarget "mediTransAppTests" */;
			buildPhases = (
				D0291AFC2A082D7800B91BF1 /* Sources */,
				D0291AFD2A082D7800B91BF1 /* Frameworks */,
				D0291AFE2A082D7800B91BF1 /* Resources */,
			);
			buildRules = (
			);
			dependencies = (
				D0291B022A082D7800B91BF1 /* PBXTargetDependency */,
			);
			name = mediTransAppTests;
			productName = mediTransAppTests;
			productReference = D0291B002A082D7800B91BF1 /* mediTransAppTests.xctest */;
			productType = "com.apple.product-type.bundle.unit-test";
		};
		D0291B092A082D7800B91BF1 /* mediTransAppUITests */ = {
			isa = PBXNativeTarget;
			buildConfigurationList = D0291B1A2A082D7800B91BF1 /* Build configuration list for PBXNativeTarget "mediTransAppUITests" */;
			buildPhases = (
				D0291B062A082D7800B91BF1 /* Sources */,
				D0291B072A082D7800B91BF1 /* Frameworks */,
				D0291B082A082D7800B91BF1 /* Resources */,
			);
			buildRules = (
			);
			dependencies = (
				D0291B0C2A082D7800B91BF1 /* PBXTargetDependency */,
			);
			name = mediTransAppUITests;
			productName = mediTransAppUITests;
			productReference = D0291B0A2A082D7800B91BF1 /* mediTransAppUITests.xctest */;
			productType = "com.apple.product-type.bundle.ui-testing";
		};
/* End PBXNativeTarget section */

/* Begin PBXProject section */
		D0291AE72A082D7700B91BF1 /* Project object */ = {
			isa = PBXProject;
			attributes = {
				BuildIndependentTargetsInParallel = 1;
				LastSwiftUpdateCheck = 1430;
				LastUpgradeCheck = 1430;
				TargetAttributes = {
					D0291AEE2A082D7700B91BF1 = {
						CreatedOnToolsVersion = 14.3;
					};
					D0291AFF2A082D7800B91BF1 = {
						CreatedOnToolsVersion = 14.3;
						TestTargetID = D0291AEE2A082D7700B91BF1;
					};
					D0291B092A082D7800B91BF1 = {
						CreatedOnToolsVersion = 14.3;
						TestTargetID = D0291AEE2A082D7700B91BF1;
					};
				};
			};
			buildConfigurationList = D0291AEA2A082D7700B91BF1 /* Build configuration list for PBXProject "mediTransApp" */;
			compatibilityVersion = "Xcode 14.0";
			developmentRegion = en;
			hasScannedForEncodings = 0;
			knownRegions = (
				en,
				Base,
			);
			mainGroup = D0291AE62A082D7700B91BF1;
			productRefGroup = D0291AF02A082D7700B91BF1 /* Products */;
			projectDirPath = "";
			projectRoot = "";
			targets = (
				D0291AEE2A082D7700B91BF1 /* mediTransApp */,
				D0291AFF2A082D7800B91BF1 /* mediTransAppTests */,
				D0291B092A082D7800B91BF1 /* mediTransAppUITests */,
			);
		};
/* End PBXProject section */

/* Begin PBXResourcesBuildPhase section */
		D0291AED2A082D7700B91BF1 /* Resources */ = {
			isa = PBXResourcesBuildPhase;
			buildActionMask = 2147483647;
			files = (
				D0291AFB2A082D7800B91BF1 /* Preview Assets.xcassets in Resources */,
				D0291AF72A082D7800B91BF1 /* Assets.xcassets in Resources */,
			);
			runOnlyForDeploymentPostprocessing = 0;
		};
		D0291AFE2A082D7800B91BF1 /* Resources */ = {
			isa = PBXResourcesBuildPhase;
			buildActionMask = 2147483647;
			files = (
			);
			runOnlyForDeploymentPostprocessing = 0;
		};
		D0291B082A082D7800B91BF1 /* Resources */ = {
			isa = PBXResourcesBuildPhase;
			buildActionMask = 2147483647;
			files = (
			);
			runOnlyForDeploymentPostprocessing = 0;
		};
/* End PBXResourcesBuildPhase section */

/* Begin PBXSourcesBuildPhase section */
		D0291AEB2A082D7700B91BF1 /* Sources */ = {
			isa = PBXSourcesBuildPhase;
			buildActionMask = 2147483647;
			files = (
				D0291AF52A082D7700B91BF1 /* ContentView.swift in Sources */,
				D0291AF32A082D7700B91BF1 /* mediTransAppApp.swift in Sources */,
			);
			runOnlyForDeploymentPostprocessing = 0;
		};
		D0291AFC2A082D7800B91BF1 /* Sources */ = {
			isa = PBXSourcesBuildPhase;
			buildActionMask = 2147483647;
			files = (
				D0291B052A082D7800B91BF1 /* mediTransAppTests.swift in Sources */,
			);
			runOnlyForDeploymentPostprocessing = 0;
		};
		D0291B062A082D7800B91BF1 /* Sources */ = {
			isa = PBXSourcesBuildPhase;
			buildActionMask = 2147483647;
			files = (
				D0291B112A082D7800B91BF1 /* mediTransAppUITestsLaunchTests.swift in Sources */,
				D0291B0F2A082D7800B91BF1 /* mediTransAppUITests.swift in Sources */,
			);
			runOnlyForDeploymentPostprocessing = 0;
		};
/* End PBXSourcesBuildPhase section */

/* Begin PBXTargetDependency section */
		D0291B022A082D7800B91BF1 /* PBXTargetDependency */ = {
			isa = PBXTargetDependency;
			target = D0291AEE2A082D7700B91BF1 /* mediTransApp */;
			targetProxy = D0291B012A082D7800B91BF1 /* PBXContainerItemProxy */;
		};
		D0291B0C2A082D7800B91BF1 /* PBXTargetDependency */ = {
			isa = PBXTargetDependency;
			target = D0291AEE2A082D7700B91BF1 /* mediTransApp */;
			targetProxy = D0291B0B2A082D7800B91BF1 /* PBXContainerItemProxy */;
		};
/* End PBXTargetDependency section */

/* Begin XCBuildConfiguration section */
		D0291B122A082D7800B91BF1 /* Debug */ = {
			isa = XCBuildConfiguration;
			buildSettings = {
				ALWAYS_SEARCH_USER_PATHS = NO;
				CLANG_ANALYZER_NONNULL = YES;
				CLANG_ANALYZER_NUMBER_OBJECT_CONVERSION = YES_AGGRESSIVE;
				CLANG_CXX_LANGUAGE_STANDARD = "gnu++20";
				CLANG_ENABLE_MODULES = YES;
				CLANG_ENABLE_OBJC_ARC = YES;
				CLANG_ENABLE_OBJC_WEAK = YES;
				CLANG_WARN_BLOCK_CAPTURE_AUTORELEASING = YES;
				CLANG_WARN_BOOL_CONVERSION = YES;
				CLANG_WARN_COMMA = YES;
				CLANG_WARN_CONSTANT_CONVERSION = YES;
				CLANG_WARN_DEPRECATED_OBJC_IMPLEMENTATIONS = YES;
				CLANG_WARN_DIRECT_OBJC_ISA_USAGE = YES_ERROR;
				CLANG_WARN_DOCUMENTATION_COMMENTS = YES;
				CLANG_WARN_EMPTY_BODY = YES;
				CLANG_WARN_ENUM_CONVERSION = YES;
				CLANG_WARN_INFINITE_RECURSION = YES;
				CLANG_WARN_INT_CONVERSION = YES;
				CLANG_WARN_NON_LITERAL_NULL_CONVERSION = YES;
				CLANG_WARN_OBJC_IMPLICIT_RETAIN_SELF = YES;
				CLANG_WARN_OBJC_LITERAL_CONVERSION = YES;
				CLANG_WARN_OBJC_ROOT_CLASS = YES_ERROR;
				CLANG_WARN_QUOTED_INCLUDE_IN_FRAMEWORK_HEADER = YES;
				CLANG_WARN_RANGE_LOOP_ANALYSIS = YES;
				CLANG_WARN_STRICT_PROTOTYPES = YES;
				CLANG_WARN_SUSPICIOUS_MOVE = YES;
				CLANG_WARN_UNGUARDED_AVAILABILITY = YES_AGGRESSIVE;
				CLANG_WARN_UNREACHABLE_CODE = YES;
				CLANG_WARN__DUPLICATE_METHOD_MATCH = YES;
				COPY_PHASE_STRIP = NO;
				DEBUG_INFORMATION_FORMAT = dwarf;
				ENABLE_STRICT_OBJC_MSGSEND = YES;
				ENABLE_TESTABILITY = YES;
				GCC_C_LANGUAGE_STANDARD = gnu11;
				GCC_DYNAMIC_NO_PIC = NO;
				GCC_NO_COMMON_BLOCKS = YES;
				GCC_OPTIMIZATION_LEVEL = 0;
				GCC_PREPROCESSOR_DEFINITIONS = (
					"DEBUG=1",
					"$(inherited)",
				);
				GCC_WARN_64_TO_32_BIT_CONVERSION = YES;
				GCC_WARN_ABOUT_RETURN_TYPE = YES_ERROR;
				GCC_WARN_UNDECLARED_SELECTOR = YES;
				GCC_WARN_UNINITIALIZED_AUTOS = YES_AGGRESSIVE;
				GCC_WARN_UNUSED_FUNCTION = YES;
				GCC_WARN_UNUSED_VARIABLE = YES;
				MTL_ENABLE_DEBUG_INFO = INCLUDE_SOURCE;
				MTL_FAST_MATH = YES;
				ONLY_ACTIVE_ARCH = YES;
				SWIFT_ACTIVE_COMPILATION_CONDITIONS = DEBUG;
				SWIFT_OPTIMIZATION_LEVEL = "-Onone";
			};
			name = Debug;
		};
		D0291B132A082D7800B91BF1 /* Release */ = {
			isa = XCBuildConfiguration;
			buildSettings = {
				ALWAYS_SEARCH_USER_PATHS = NO;
				CLANG_ANALYZER_NONNULL = YES;
				CLANG_ANALYZER_NUMBER_OBJECT_CONVERSION = YES_AGGRESSIVE;
				CLANG_CXX_LANGUAGE_STANDARD = "gnu++20";
				CLANG_ENABLE_MODULES = YES;
				CLANG_ENABLE_OBJC_ARC = YES;
				CLANG_ENABLE_OBJC_WEAK = YES;
				CLANG_WARN_BLOCK_CAPTURE_AUTORELEASING = YES;
				CLANG_WARN_BOOL_CONVERSION = YES;
				CLANG_WARN_COMMA = YES;
				CLANG_WARN_CONSTANT_CONVERSION = YES;
				CLANG_WARN_DEPRECATED_OBJC_IMPLEMENTATIONS = YES;
				CLANG_WARN_DIRECT_OBJC_ISA_USAGE = YES_ERROR;
				CLANG_WARN_DOCUMENTATION_COMMENTS = YES;
				CLANG_WARN_EMPTY_BODY = YES;
				CLANG_WARN_ENUM_CONVERSION = YES;
				CLANG_WARN_INFINITE_RECURSION = YES;
				CLANG_WARN_INT_CONVERSION = YES;
				CLANG_WARN_NON_LITERAL_NULL_CONVERSION = YES;
				CLANG_WARN_OBJC_IMPLICIT_RETAIN_SELF = YES;
				CLANG_WARN_OBJC_LITERAL_CONVERSION = YES;
				CLANG_WARN_OBJC_ROOT_CLASS = YES_ERROR;
				CLANG_WARN_QUOTED_INCLUDE_IN_FRAMEWORK_HEADER = YES;
				CLANG_WARN_RANGE_LOOP_ANALYSIS = YES;
				CLANG_WARN_STRICT_PROTOTYPES = YES;
				CLANG_WARN_SUSPICIOUS_MOVE = YES;
				CLANG_WARN_UNGUARDED_AVAILABILITY = YES_AGGRESSIVE;
				CLANG_WARN_UNREACHABLE_CODE = YES;
				CLANG_WARN__DUPLICATE_METHOD_MATCH = YES;
				COPY_PHASE_STRIP = NO;
				DEBUG_INFORMATION_FORMAT = "dwarf-with-dsym";
				ENABLE_NS_ASSERTIONS = NO;
				ENABLE_STRICT_OBJC_MSGSEND = YES;
				GCC_C_LANGUAGE_STANDARD = gnu11;
				GCC_NO_COMMON_BLOCKS = YES;
				GCC_WARN_64_TO_32_BIT_CONVERSION = YES;
				GCC_WARN_ABOUT_RETURN_TYPE = YES_ERROR;
				GCC_WARN_UNDECLARED_SELECTOR = YES;
				GCC_WARN_UNINITIALIZED_AUTOS = YES_AGGRESSIVE;
				GCC_WARN_UNUSED_FUNCTION = YES;
				GCC_WARN_UNUSED_VARIABLE = YES;
				MTL_ENABLE_DEBUG_INFO = NO;
				MTL_FAST_MATH = YES;
				SWIFT_COMPILATION_MODE = wholemodule;
				SWIFT_OPTIMIZATION_LEVEL = "-O";
			};
			name = Release;
		};
		D0291B152A082D7800B91BF1 /* Debug */ = {
			isa = XCBuildConfiguration;
			buildSettings = {
				ASSETCATALOG_COMPILER_APPICON_NAME = AppIcon;
				ASSETCATALOG_COMPILER_GLOBAL_ACCENT_COLOR_NAME = AccentColor;
				CODE_SIGN_ENTITLEMENTS = mediTransApp/mediTransApp.entitlements;
				CODE_SIGN_STYLE = Automatic;
				CURRENT_PROJECT_VERSION = 1;
				DEVELOPMENT_ASSET_PATHS = "\"mediTransApp/Preview Content\"";
				DEVELOPMENT_TEAM = 65W8S73GF6;
				ENABLE_HARDENED_RUNTIME = YES;
				ENABLE_PREVIEWS = YES;
				GENERATE_INFOPLIST_FILE = YES;
				"INFOPLIST_KEY_UIApplicationSceneManifest_Generation[sdk=iphoneos*]" = YES;
				"INFOPLIST_KEY_UIApplicationSceneManifest_Generation[sdk=iphonesimulator*]" = YES;
				"INFOPLIST_KEY_UIApplicationSupportsIndirectInputEvents[sdk=iphoneos*]" = YES;
				"INFOPLIST_KEY_UIApplicationSupportsIndirectInputEvents[sdk=iphonesimulator*]" = YES;
				"INFOPLIST_KEY_UILaunchScreen_Generation[sdk=iphoneos*]" = YES;
				"INFOPLIST_KEY_UILaunchScreen_Generation[sdk=iphonesimulator*]" = YES;
				"INFOPLIST_KEY_UIStatusBarStyle[sdk=iphoneos*]" = UIStatusBarStyleDefault;
				"INFOPLIST_KEY_UIStatusBarStyle[sdk=iphonesimulator*]" = UIStatusBarStyleDefault;
				INFOPLIST_KEY_UISupportedInterfaceOrientations_iPad = "UIInterfaceOrientationPortrait UIInterfaceOrientationPortraitUpsideDown UIInterfaceOrientationLandscapeLeft UIInterfaceOrientationLandscapeRight";
				INFOPLIST_KEY_UISupportedInterfaceOrientations_iPhone = "UIInterfaceOrientationPortrait UIInterfaceOrientationLandscapeLeft UIInterfaceOrientationLandscapeRight";
				IPHONEOS_DEPLOYMENT_TARGET = 16.4;
				LD_RUNPATH_SEARCH_PATHS = "@executable_path/Frameworks";
				"LD_RUNPATH_SEARCH_PATHS[sdk=macosx*]" = "@executable_path/../Frameworks";
				MACOSX_DEPLOYMENT_TARGET = 13.3;
				MARKETING_VERSION = 1.0;
				PRODUCT_BUNDLE_IDENTIFIER = PeterDeyi.mediTransApp;
				PRODUCT_NAME = "$(TARGET_NAME)";
				SDKROOT = auto;
				SUPPORTED_PLATFORMS = "iphoneos iphonesimulator macosx";
				SWIFT_EMIT_LOC_STRINGS = YES;
				SWIFT_VERSION = 5.0;
				TARGETED_DEVICE_FAMILY = "1,2";
			};
			name = Debug;
		};
		D0291B162A082D7800B91BF1 /* Release */ = {
			isa = XCBuildConfiguration;
			buildSettings = {
				ASSETCATALOG_COMPILER_APPICON_NAME = AppIcon;
				ASSETCATALOG_COMPILER_GLOBAL_ACCENT_COLOR_NAME = AccentColor;
				CODE_SIGN_ENTITLEMENTS = mediTransApp/mediTransApp.entitlements;
				CODE_SIGN_STYLE = Automatic;
				CURRENT_PROJECT_VERSION = 1;
				DEVELOPMENT_ASSET_PATHS = "\"mediTransApp/Preview Content\"";
				DEVELOPMENT_TEAM = 65W8S73GF6;
				ENABLE_HARDENED_RUNTIME = YES;
				ENABLE_PREVIEWS = YES;
				GENERATE_INFOPLIST_FILE = YES;
				"INFOPLIST_KEY_UIApplicationSceneManifest_Generation[sdk=iphoneos*]" = YES;
				"INFOPLIST_KEY_UIApplicationSceneManifest_Generation[sdk=iphonesimulator*]" = YES;
				"INFOPLIST_KEY_UIApplicationSupportsIndirectInputEvents[sdk=iphoneos*]" = YES;
				"INFOPLIST_KEY_UIApplicationSupportsIndirectInputEvents[sdk=iphonesimulator*]" = YES;
				"INFOPLIST_KEY_UILaunchScreen_Generation[sdk=iphoneos*]" = YES;
				"INFOPLIST_KEY_UILaunchScreen_Generation[sdk=iphonesimulator*]" = YES;
				"INFOPLIST_KEY_UIStatusBarStyle[sdk=iphoneos*]" = UIStatusBarStyleDefault;
				"INFOPLIST_KEY_UIStatusBarStyle[sdk=iphonesimulator*]" = UIStatusBarStyleDefault;
				INFOPLIST_KEY_UISupportedInterfaceOrientations_iPad = "UIInterfaceOrientationPortrait UIInterfaceOrientationPortraitUpsideDown UIInterfaceOrientationLandscapeLeft UIInterfaceOrientationLandscapeRight";
				INFOPLIST_KEY_UISupportedInterfaceOrientations_iPhone = "UIInterfaceOrientationPortrait UIInterfaceOrientationLandscapeLeft UIInterfaceOrientationLandscapeRight";
				IPHONEOS_DEPLOYMENT_TARGET = 16.4;
				LD_RUNPATH_SEARCH_PATHS = "@executable_path/Frameworks";
				"LD_RUNPATH_SEARCH_PATHS[sdk=macosx*]" = "@executable_path/../Frameworks";
				MACOSX_DEPLOYMENT_TARGET = 13.3;
				MARKETING_VERSION = 1.0;
				PRODUCT_BUNDLE_IDENTIFIER = PeterDeyi.mediTransApp;
				PRODUCT_NAME = "$(TARGET_NAME)";
				SDKROOT = auto;
				SUPPORTED_PLATFORMS = "iphoneos iphonesimulator macosx";
				SWIFT_EMIT_LOC_STRINGS = YES;
				SWIFT_VERSION = 5.0;
				TARGETED_DEVICE_FAMILY = "1,2";
			};
			name = Release;
		};
		D0291B182A082D7800B91BF1 /* Debug */ = {
			isa = XCBuildConfiguration;
			buildSettings = {
				ALWAYS_EMBED_SWIFT_STANDARD_LIBRARIES = YES;
				BUNDLE_LOADER = "$(TEST_HOST)";
				CODE_SIGN_STYLE = Automatic;
				CURRENT_PROJECT_VERSION = 1;
				DEVELOPMENT_TEAM = 65W8S73GF6;
				GENERATE_INFOPLIST_FILE = YES;
				IPHONEOS_DEPLOYMENT_TARGET = 16.4;
				MACOSX_DEPLOYMENT_TARGET = 13.3;
				MARKETING_VERSION = 1.0;
				PRODUCT_BUNDLE_IDENTIFIER = PeterDeyi.mediTransAppTests;
				PRODUCT_NAME = "$(TARGET_NAME)";
				SDKROOT = auto;
				SUPPORTED_PLATFORMS = "iphoneos iphonesimulator macosx";
				SWIFT_EMIT_LOC_STRINGS = NO;
				SWIFT_VERSION = 5.0;
				TARGETED_DEVICE_FAMILY = "1,2";
				TEST_HOST = "$(BUILT_PRODUCTS_DIR)/mediTransApp.app/$(BUNDLE_EXECUTABLE_FOLDER_PATH)/mediTransApp";
			};
			name = Debug;
		};
		D0291B192A082D7800B91BF1 /* Release */ = {
			isa = XCBuildConfiguration;
			buildSettings = {
				ALWAYS_EMBED_SWIFT_STANDARD_LIBRARIES = YES;
				BUNDLE_LOADER = "$(TEST_HOST)";
				CODE_SIGN_STYLE = Automatic;
				CURRENT_PROJECT_VERSION = 1;
				DEVELOPMENT_TEAM = 65W8S73GF6;
				GENERATE_INFOPLIST_FILE = YES;
				IPHONEOS_DEPLOYMENT_TARGET = 16.4;
				MACOSX_DEPLOYMENT_TARGET = 13.3;
				MARKETING_VERSION = 1.0;
				PRODUCT_BUNDLE_IDENTIFIER = PeterDeyi.mediTransAppTests;
				PRODUCT_NAME = "$(TARGET_NAME)";
				SDKROOT = auto;
				SUPPORTED_PLATFORMS = "iphoneos iphonesimulator macosx";
				SWIFT_EMIT_LOC_STRINGS = NO;
				SWIFT_VERSION = 5.0;
				TARGETED_DEVICE_FAMILY = "1,2";
				TEST_HOST = "$(BUILT_PRODUCTS_DIR)/mediTransApp.app/$(BUNDLE_EXECUTABLE_FOLDER_PATH)/mediTransApp";
			};
			name = Release;
		};
		D0291B1B2A082D7800B91BF1 /* Debug */ = {
			isa = XCBuildConfiguration;
			buildSettings = {
				ALWAYS_EMBED_SWIFT_STANDARD_LIBRARIES = YES;
				CODE_SIGN_STYLE = Automatic;
				CURRENT_PROJECT_VERSION = 1;
				DEVELOPMENT_TEAM = 65W8S73GF6;
				GENERATE_INFOPLIST_FILE = YES;
				IPHONEOS_DEPLOYMENT_TARGET = 16.4;
				MACOSX_DEPLOYMENT_TARGET = 13.3;
				MARKETING_VERSION = 1.0;
				PRODUCT_BUNDLE_IDENTIFIER = PeterDeyi.mediTransAppUITests;
				PRODUCT_NAME = "$(TARGET_NAME)";
				SDKROOT = auto;
				SUPPORTED_PLATFORMS = "iphoneos iphonesimulator macosx";
				SWIFT_EMIT_LOC_STRINGS = NO;
				SWIFT_VERSION = 5.0;
				TARGETED_DEVICE_FAMILY = "1,2";
				TEST_TARGET_NAME = mediTransApp;
			};
			name = Debug;
		};
		D0291B1C2A082D7800B91BF1 /* Release */ = {
			isa = XCBuildConfiguration;
			buildSettings = {
				ALWAYS_EMBED_SWIFT_STANDARD_LIBRARIES = YES;
				CODE_SIGN_STYLE = Automatic;
				CURRENT_PROJECT_VERSION = 1;
				DEVELOPMENT_TEAM = 65W8S73GF6;
				GENERATE_INFOPLIST_FILE = YES;
				IPHONEOS_DEPLOYMENT_TARGET = 16.4;
				MACOSX_DEPLOYMENT_TARGET = 13.3;
				MARKETING_VERSION = 1.0;
				PRODUCT_BUNDLE_IDENTIFIER = PeterDeyi.mediTransAppUITests;
				PRODUCT_NAME = "$(TARGET_NAME)";
				SDKROOT = auto;
				SUPPORTED_PLATFORMS = "iphoneos iphonesimulator macosx";
				SWIFT_EMIT_LOC_STRINGS = NO;
				SWIFT_VERSION = 5.0;
				TARGETED_DEVICE_FAMILY = "1,2";
				TEST_TARGET_NAME = mediTransApp;
			};
			name = Release;
		};
/* End XCBuildConfiguration section */

/* Begin XCConfigurationList section */
		D0291AEA2A082D7700B91BF1 /* Build configuration list for PBXProject "mediTransApp" */ = {
			isa = XCConfigurationList;
			buildConfigurations = (
				D0291B122A082D7800B91BF1 /* Debug */,
				D0291B132A082D7800B91BF1 /* Release */,
			);
			defaultConfigurationIsVisible = 0;
			defaultConfigurationName = Release;
		};
		D0291B142A082D7800B91BF1 /* Build configuration list for PBXNativeTarget "mediTransApp" */ = {
			isa = XCConfigurationList;
			buildConfigurations = (
				D0291B152A082D7800B91BF1 /* Debug */,
				D0291B162A082D7800B91BF1 /* Release */,
			);
			defaultConfigurationIsVisible = 0;
			defaultConfigurationName = Release;
		};
		D0291B172A082D7800B91BF1 /* Build configuration list for PBXNativeTarget "mediTransAppTests" */ = {
			isa = XCConfigurationList;
			buildConfigurations = (
				D0291B182A082D7800B91BF1 /* Debug */,
				D0291B192A082D7800B91BF1 /* Release */,
			);
			defaultConfigurationIsVisible = 0;
			defaultConfigurationName = Release;
		};
		D0291B1A2A082D7800B91BF1 /* Build configuration list for PBXNativeTarget "mediTransAppUITests" */ = {
			isa = XCConfigurationList;
			buildConfigurations = (
				D0291B1B2A082D7800B91BF1 /* Debug */,
				D0291B1C2A082D7800B91BF1 /* Release */,
			);
			defaultConfigurationIsVisible = 0;
			defaultConfigurationName = Release;
		};
/* End XCConfigurationList section */
	};
	rootObject = D0291AE72A082D7700B91BF1 /* Project object */;
}
